
Microsoft Visual Studio Solution File, Format Version 12.00
# Visual Studio 15
VisualStudioVersion = 15.0.26430.14
MinimumVisualStudioVersion = 10.0.40219.1
Project("{FAE04EC0-301F-11D3-BF4B-00C04F79EFBC}") = "Strings", "Strings\Strings.csproj", "{106D00FF-9017-4058-AB51-0A8683123307}"
EndProject
Project("{FAE04EC0-301F-11D3-BF4B-00C04F79EFBC}") = "Strings.Test", "PruebaStrings.Test\Strings.Test.csproj", "{E4C6669D-34FC-44AA-9101-147A97427372}"
EndProject
Global
	GlobalSection(SolutionConfigurationPlatforms) = preSolution
		Debug|Any CPU = Debug|Any CPU
		Release|Any CPU = Release|Any CPU
	EndGlobalSection
	GlobalSection(ProjectConfigurationPlatforms) = postSolution
		{106D00FF-9017-4058-AB51-0A8683123307}.Debug|Any CPU.ActiveCfg = Debug|Any CPU
		{106D00FF-9017-4058-AB51-0A8683123307}.Debug|Any CPU.Build.0 = Debug|Any CPU
		{106D00FF-9017-4058-AB51-0A8683123307}.Release|Any CPU.ActiveCfg = Release|Any CPU
		{106D00FF-9017-4058-AB51-0A8683123307}.Release|Any CPU.Build.0 = Release|Any CPU
		{E4C6669D-34FC-44AA-9101-147A97427372}.Debug|Any CPU.ActiveCfg = Debug|Any CPU
		{E4C6669D-34FC-44AA-9101-147A97427372}.Debug|Any CPU.Build.0 = Debug|Any CPU
		{E4C6669D-34FC-44AA-9101-147A97427372}.Release|Any CPU.ActiveCfg = Release|Any CPU
		{E4C6669D-34FC-44AA-9101-147A97427372}.Release|Any CPU.Build.0 = Release|Any CPU
	EndGlobalSection
	GlobalSection(SolutionProperties) = preSolution
		HideSolutionNode = FALSE
	EndGlobalSection
EndGlobal
